
Microsoft Visual Studio Solution File, Format Version 12.00
# Visual Studio 2013
VisualStudioVersion = 12.0.30501.0
MinimumVisualStudioVersion = 10.0.40219.1
Project("{FAE04EC0-301F-11D3-BF4B-00C04F79EFBC}") = "ng-ts-min", "ng-ts-min.csproj", "{1B2B1743-3694-415C-900F-4ACA9A2F442B}"
EndProject
Global
	GlobalSection(SolutionConfigurationPlatforms) = preSolution
		Debug|Any CPU = Debug|Any CPU
		Release|Any CPU = Release|Any CPU
	EndGlobalSection
	GlobalSection(ProjectConfigurationPlatforms) = postSolution
		{1B2B1743-3694-415C-900F-4ACA9A2F442B}.Debug|Any CPU.ActiveCfg = Debug|Any CPU
		{1B2B1743-3694-415C-900F-4ACA9A2F442B}.Debug|Any CPU.Build.0 = Debug|Any CPU
		{1B2B1743-3694-415C-900F-4ACA9A2F442B}.Release|Any CPU.ActiveCfg = Release|Any CPU
		{1B2B1743-3694-415C-900F-4ACA9A2F442B}.Release|Any CPU.Build.0 = Release|Any CPU
	EndGlobalSection
	GlobalSection(SolutionProperties) = preSolution
		HideSolutionNode = FALSE
	EndGlobalSection
EndGlobal
